
Microsoft Visual Studio Solution File, Format Version 12.00
# Visual Studio Version 17
VisualStudioVersion = 17.1.32228.430
MinimumVisualStudioVersion = 10.0.40219.1
Project("{FAE04EC0-301F-11D3-BF4B-00C04F79EFBC}") = "APS ChatApp", "APS ChatApp\APS ChatApp.csproj", "{19222B3A-29D9-4D51-A2FF-1994A9444E0D}"
EndProject
Global
	GlobalSection(SolutionConfigurationPlatforms) = preSolution
		Debug|Any CPU = Debug|Any CPU
		Release|Any CPU = Release|Any CPU
	EndGlobalSection
	GlobalSection(ProjectConfigurationPlatforms) = postSolution
		{19222B3A-29D9-4D51-A2FF-1994A9444E0D}.Debug|Any CPU.ActiveCfg = Debug|Any CPU
		{19222B3A-29D9-4D51-A2FF-1994A9444E0D}.Debug|Any CPU.Build.0 = Debug|Any CPU
		{19222B3A-29D9-4D51-A2FF-1994A9444E0D}.Release|Any CPU.ActiveCfg = Release|Any CPU
		{19222B3A-29D9-4D51-A2FF-1994A9444E0D}.Release|Any CPU.Build.0 = Release|Any CPU
	EndGlobalSection
	GlobalSection(SolutionProperties) = preSolution
		HideSolutionNode = FALSE
	EndGlobalSection
	GlobalSection(ExtensibilityGlobals) = postSolution
		SolutionGuid = {B63909BC-1CCE-4FDC-B064-DC39B24E4025}
	EndGlobalSection
EndGlobal
